
Microsoft Visual Studio Solution File, Format Version 12.00
# Visual Studio 14
VisualStudioVersion = 14.0.25420.1
MinimumVisualStudioVersion = 10.0.40219.1
Project("{FAE04EC0-301F-11D3-BF4B-00C04F79EFBC}") = "WpfApplication1", "WpfApplication1\WpfApplication1.csproj", "{D95AB019-9E3E-47A1-A8B8-176D0886D313}"
EndProject
Project("{FAE04EC0-301F-11D3-BF4B-00C04F79EFBC}") = "BE", "BE\BE.csproj", "{90DFBDF5-FCC5-47D9-98A0-10916160ACC5}"
EndProject
Global
	GlobalSection(SolutionConfigurationPlatforms) = preSolution
		Debug|Any CPU = Debug|Any CPU
		Release|Any CPU = Release|Any CPU
	EndGlobalSection
	GlobalSection(ProjectConfigurationPlatforms) = postSolution
		{D95AB019-9E3E-47A1-A8B8-176D0886D313}.Debug|Any CPU.ActiveCfg = Debug|Any CPU
		{D95AB019-9E3E-47A1-A8B8-176D0886D313}.Debug|Any CPU.Build.0 = Debug|Any CPU
		{D95AB019-9E3E-47A1-A8B8-176D0886D313}.Release|Any CPU.ActiveCfg = Release|Any CPU
		{D95AB019-9E3E-47A1-A8B8-176D0886D313}.Release|Any CPU.Build.0 = Release|Any CPU
		{90DFBDF5-FCC5-47D9-98A0-10916160ACC5}.Debug|Any CPU.ActiveCfg = Debug|Any CPU
		{90DFBDF5-FCC5-47D9-98A0-10916160ACC5}.Debug|Any CPU.Build.0 = Debug|Any CPU
		{90DFBDF5-FCC5-47D9-98A0-10916160ACC5}.Release|Any CPU.ActiveCfg = Release|Any CPU
		{90DFBDF5-FCC5-47D9-98A0-10916160ACC5}.Release|Any CPU.Build.0 = Release|Any CPU
	EndGlobalSection
	GlobalSection(SolutionProperties) = preSolution
		HideSolutionNode = FALSE
	EndGlobalSection
EndGlobal
