
Microsoft Visual Studio Solution File, Format Version 12.00
# Visual Studio 14
VisualStudioVersion = 14.0.25420.1
MinimumVisualStudioVersion = 10.0.40219.1
Project("{FAE04EC0-301F-11D3-BF4B-00C04F79EFBC}") = "PL", "WpfApplication1\PL.csproj", "{D95AB019-9E3E-47A1-A8B8-176D0886D313}"
	ProjectSection(ProjectDependencies) = postProject
		{7EE6D578-DC13-46B4-93BB-DF50E2F1F4EC} = {7EE6D578-DC13-46B4-93BB-DF50E2F1F4EC}
		{C0F57AE3-4430-4BCD-8203-7EA89C51E61F} = {C0F57AE3-4430-4BCD-8203-7EA89C51E61F}
		{0DE319EC-3133-4E36-BB9F-CCE541DD8175} = {0DE319EC-3133-4E36-BB9F-CCE541DD8175}
		{90DFBDF5-FCC5-47D9-98A0-10916160ACC5} = {90DFBDF5-FCC5-47D9-98A0-10916160ACC5}
	EndProjectSection
EndProject
Project("{FAE04EC0-301F-11D3-BF4B-00C04F79EFBC}") = "BE", "BE\BE.csproj", "{90DFBDF5-FCC5-47D9-98A0-10916160ACC5}"
EndProject
Project("{FAE04EC0-301F-11D3-BF4B-00C04F79EFBC}") = "DAL", "DAL\DAL.csproj", "{7EE6D578-DC13-46B4-93BB-DF50E2F1F4EC}"
	ProjectSection(ProjectDependencies) = postProject
		{90DFBDF5-FCC5-47D9-98A0-10916160ACC5} = {90DFBDF5-FCC5-47D9-98A0-10916160ACC5}
	EndProjectSection
EndProject
Project("{FAE04EC0-301F-11D3-BF4B-00C04F79EFBC}") = "DS", "DS\DS.csproj", "{C0F57AE3-4430-4BCD-8203-7EA89C51E61F}"
EndProject
Project("{FAE04EC0-301F-11D3-BF4B-00C04F79EFBC}") = "BL", "BL\BL.csproj", "{0DE319EC-3133-4E36-BB9F-CCE541DD8175}"
	ProjectSection(ProjectDependencies) = postProject
		{7EE6D578-DC13-46B4-93BB-DF50E2F1F4EC} = {7EE6D578-DC13-46B4-93BB-DF50E2F1F4EC}
		{C0F57AE3-4430-4BCD-8203-7EA89C51E61F} = {C0F57AE3-4430-4BCD-8203-7EA89C51E61F}
		{90DFBDF5-FCC5-47D9-98A0-10916160ACC5} = {90DFBDF5-FCC5-47D9-98A0-10916160ACC5}
	EndProjectSection
EndProject
Project("{FAE04EC0-301F-11D3-BF4B-00C04F79EFBC}") = "ConsoleApplication2", "ConsoleApplication2\ConsoleApplication2.csproj", "{120FA685-F858-42E3-94B4-F2F3AD6FC7B6}"
EndProject
Global
	GlobalSection(SolutionConfigurationPlatforms) = preSolution
		Debug|Any CPU = Debug|Any CPU
		Debug|x64 = Debug|x64
		Debug|x86 = Debug|x86
		Release|Any CPU = Release|Any CPU
		Release|x64 = Release|x64
		Release|x86 = Release|x86
	EndGlobalSection
	GlobalSection(ProjectConfigurationPlatforms) = postSolution
		{D95AB019-9E3E-47A1-A8B8-176D0886D313}.Debug|Any CPU.ActiveCfg = Debug|Any CPU
		{D95AB019-9E3E-47A1-A8B8-176D0886D313}.Debug|Any CPU.Build.0 = Debug|Any CPU
		{D95AB019-9E3E-47A1-A8B8-176D0886D313}.Debug|x64.ActiveCfg = Debug|Any CPU
		{D95AB019-9E3E-47A1-A8B8-176D0886D313}.Debug|x64.Build.0 = Debug|Any CPU
		{D95AB019-9E3E-47A1-A8B8-176D0886D313}.Debug|x86.ActiveCfg = Debug|Any CPU
		{D95AB019-9E3E-47A1-A8B8-176D0886D313}.Debug|x86.Build.0 = Debug|Any CPU
		{D95AB019-9E3E-47A1-A8B8-176D0886D313}.Release|Any CPU.ActiveCfg = Release|Any CPU
		{D95AB019-9E3E-47A1-A8B8-176D0886D313}.Release|Any CPU.Build.0 = Release|Any CPU
		{D95AB019-9E3E-47A1-A8B8-176D0886D313}.Release|x64.ActiveCfg = Release|Any CPU
		{D95AB019-9E3E-47A1-A8B8-176D0886D313}.Release|x64.Build.0 = Release|Any CPU
		{D95AB019-9E3E-47A1-A8B8-176D0886D313}.Release|x86.ActiveCfg = Release|Any CPU
		{D95AB019-9E3E-47A1-A8B8-176D0886D313}.Release|x86.Build.0 = Release|Any CPU
		{90DFBDF5-FCC5-47D9-98A0-10916160ACC5}.Debug|Any CPU.ActiveCfg = Debug|Any CPU
		{90DFBDF5-FCC5-47D9-98A0-10916160ACC5}.Debug|Any CPU.Build.0 = Debug|Any CPU
		{90DFBDF5-FCC5-47D9-98A0-10916160ACC5}.Debug|x64.ActiveCfg = Debug|Any CPU
		{90DFBDF5-FCC5-47D9-98A0-10916160ACC5}.Debug|x64.Build.0 = Debug|Any CPU
		{90DFBDF5-FCC5-47D9-98A0-10916160ACC5}.Debug|x86.ActiveCfg = Debug|Any CPU
		{90DFBDF5-FCC5-47D9-98A0-10916160ACC5}.Debug|x86.Build.0 = Debug|Any CPU
		{90DFBDF5-FCC5-47D9-98A0-10916160ACC5}.Release|Any CPU.ActiveCfg = Release|Any CPU
		{90DFBDF5-FCC5-47D9-98A0-10916160ACC5}.Release|Any CPU.Build.0 = Release|Any CPU
		{90DFBDF5-FCC5-47D9-98A0-10916160ACC5}.Release|x64.ActiveCfg = Release|Any CPU
		{90DFBDF5-FCC5-47D9-98A0-10916160ACC5}.Release|x64.Build.0 = Release|Any CPU
		{90DFBDF5-FCC5-47D9-98A0-10916160ACC5}.Release|x86.ActiveCfg = Release|Any CPU
		{90DFBDF5-FCC5-47D9-98A0-10916160ACC5}.Release|x86.Build.0 = Release|Any CPU
		{7EE6D578-DC13-46B4-93BB-DF50E2F1F4EC}.Debug|Any CPU.ActiveCfg = Debug|Any CPU
		{7EE6D578-DC13-46B4-93BB-DF50E2F1F4EC}.Debug|Any CPU.Build.0 = Debug|Any CPU
		{7EE6D578-DC13-46B4-93BB-DF50E2F1F4EC}.Debug|x64.ActiveCfg = Debug|Any CPU
		{7EE6D578-DC13-46B4-93BB-DF50E2F1F4EC}.Debug|x64.Build.0 = Debug|Any CPU
		{7EE6D578-DC13-46B4-93BB-DF50E2F1F4EC}.Debug|x86.ActiveCfg = Debug|Any CPU
		{7EE6D578-DC13-46B4-93BB-DF50E2F1F4EC}.Debug|x86.Build.0 = Debug|Any CPU
		{7EE6D578-DC13-46B4-93BB-DF50E2F1F4EC}.Release|Any CPU.ActiveCfg = Release|Any CPU
		{7EE6D578-DC13-46B4-93BB-DF50E2F1F4EC}.Release|Any CPU.Build.0 = Release|Any CPU
		{7EE6D578-DC13-46B4-93BB-DF50E2F1F4EC}.Release|x64.ActiveCfg = Release|Any CPU
		{7EE6D578-DC13-46B4-93BB-DF50E2F1F4EC}.Release|x64.Build.0 = Release|Any CPU
		{7EE6D578-DC13-46B4-93BB-DF50E2F1F4EC}.Release|x86.ActiveCfg = Release|Any CPU
		{7EE6D578-DC13-46B4-93BB-DF50E2F1F4EC}.Release|x86.Build.0 = Release|Any CPU
		{C0F57AE3-4430-4BCD-8203-7EA89C51E61F}.Debug|Any CPU.ActiveCfg = Debug|Any CPU
		{C0F57AE3-4430-4BCD-8203-7EA89C51E61F}.Debug|Any CPU.Build.0 = Debug|Any CPU
		{C0F57AE3-4430-4BCD-8203-7EA89C51E61F}.Debug|x64.ActiveCfg = Debug|Any CPU
		{C0F57AE3-4430-4BCD-8203-7EA89C51E61F}.Debug|x64.Build.0 = Debug|Any CPU
		{C0F57AE3-4430-4BCD-8203-7EA89C51E61F}.Debug|x86.ActiveCfg = Debug|Any CPU
		{C0F57AE3-4430-4BCD-8203-7EA89C51E61F}.Debug|x86.Build.0 = Debug|Any CPU
		{C0F57AE3-4430-4BCD-8203-7EA89C51E61F}.Release|Any CPU.ActiveCfg = Release|Any CPU
		{C0F57AE3-4430-4BCD-8203-7EA89C51E61F}.Release|Any CPU.Build.0 = Release|Any CPU
		{C0F57AE3-4430-4BCD-8203-7EA89C51E61F}.Release|x64.ActiveCfg = Release|Any CPU
		{C0F57AE3-4430-4BCD-8203-7EA89C51E61F}.Release|x64.Build.0 = Release|Any CPU
		{C0F57AE3-4430-4BCD-8203-7EA89C51E61F}.Release|x86.ActiveCfg = Release|Any CPU
		{C0F57AE3-4430-4BCD-8203-7EA89C51E61F}.Release|x86.Build.0 = Release|Any CPU
		{0DE319EC-3133-4E36-BB9F-CCE541DD8175}.Debug|Any CPU.ActiveCfg = Debug|Any CPU
		{0DE319EC-3133-4E36-BB9F-CCE541DD8175}.Debug|Any CPU.Build.0 = Debug|Any CPU
		{0DE319EC-3133-4E36-BB9F-CCE541DD8175}.Debug|x64.ActiveCfg = Debug|Any CPU
		{0DE319EC-3133-4E36-BB9F-CCE541DD8175}.Debug|x64.Build.0 = Debug|Any CPU
		{0DE319EC-3133-4E36-BB9F-CCE541DD8175}.Debug|x86.ActiveCfg = Debug|Any CPU
		{0DE319EC-3133-4E36-BB9F-CCE541DD8175}.Debug|x86.Build.0 = Debug|Any CPU
		{0DE319EC-3133-4E36-BB9F-CCE541DD8175}.Release|Any CPU.ActiveCfg = Release|Any CPU
		{0DE319EC-3133-4E36-BB9F-CCE541DD8175}.Release|Any CPU.Build.0 = Release|Any CPU
		{0DE319EC-3133-4E36-BB9F-CCE541DD8175}.Release|x64.ActiveCfg = Release|Any CPU
		{0DE319EC-3133-4E36-BB9F-CCE541DD8175}.Release|x64.Build.0 = Release|Any CPU
		{0DE319EC-3133-4E36-BB9F-CCE541DD8175}.Release|x86.ActiveCfg = Release|Any CPU
		{0DE319EC-3133-4E36-BB9F-CCE541DD8175}.Release|x86.Build.0 = Release|Any CPU
		{120FA685-F858-42E3-94B4-F2F3AD6FC7B6}.Debug|Any CPU.ActiveCfg = Debug|Any CPU
		{120FA685-F858-42E3-94B4-F2F3AD6FC7B6}.Debug|Any CPU.Build.0 = Debug|Any CPU
		{120FA685-F858-42E3-94B4-F2F3AD6FC7B6}.Debug|x64.ActiveCfg = Debug|Any CPU
		{120FA685-F858-42E3-94B4-F2F3AD6FC7B6}.Debug|x64.Build.0 = Debug|Any CPU
		{120FA685-F858-42E3-94B4-F2F3AD6FC7B6}.Debug|x86.ActiveCfg = Debug|Any CPU
		{120FA685-F858-42E3-94B4-F2F3AD6FC7B6}.Debug|x86.Build.0 = Debug|Any CPU
		{120FA685-F858-42E3-94B4-F2F3AD6FC7B6}.Release|Any CPU.ActiveCfg = Release|Any CPU
		{120FA685-F858-42E3-94B4-F2F3AD6FC7B6}.Release|Any CPU.Build.0 = Release|Any CPU
		{120FA685-F858-42E3-94B4-F2F3AD6FC7B6}.Release|x64.ActiveCfg = Release|Any CPU
		{120FA685-F858-42E3-94B4-F2F3AD6FC7B6}.Release|x64.Build.0 = Release|Any CPU
		{120FA685-F858-42E3-94B4-F2F3AD6FC7B6}.Release|x86.ActiveCfg = Release|Any CPU
		{120FA685-F858-42E3-94B4-F2F3AD6FC7B6}.Release|x86.Build.0 = Release|Any CPU
	EndGlobalSection
	GlobalSection(SolutionProperties) = preSolution
		HideSolutionNode = FALSE
	EndGlobalSection
EndGlobal
